lockfileVersion: 5.4

specifiers:
  color-composite: ^1.0.2
  color-name: ^1.1.4

dependencies:
  color-composite: 1.0.2
  color-name: 1.1.4

packages:

  /color-composite/1.0.2:
    resolution: {integrity: sha512-ulQPtX9KKCCoHx1hsvqvGMhd3b96AeDeIs4tFwpcXpEUYGkfXTIDaOI210+HSk7SNhVqvf3qBPuvVoXPcm97sg==}
    engines: {node: '>=4'}
    dependencies:
      color-parse: 1.4.2
    dev: false

  /color-name/1.1.4:
    resolution: {integrity: sha512-dOy+3AuW3a2wNbZHIuMZpTcgjGuLU/uBL/ubcZF9OXbDo8ff4O8yVp5Bf0efS8uEoYo5q4Fx7dY9OgQGXgAsQA==}
    dev: false

  /color-parse/1.4.2:
    resolution: {integrity: sha512-RI7s49/8yqDj3fECFZjUI1Yi0z/Gq1py43oNJivAIIDSyJiOZLfYCRQEgn8HEVAj++PcRe8AnL2XF0fRJ3BTnA==}
    dependencies:
      color-name: 1.1.4
    dev: false
